version = 1
requires-python = ">=3.13"

[[package]]
name = "cabouter"
version = "0.1.0"
source = { editable = "." }
dependencies = [
    { name = "cython" },
    { name = "numpy" },
    { name = "pyyaml" },
    { name = "setuptools" },
]

[package.metadata]
requires-dist = [
    { name = "cython", specifier = ">=3.0.12" },
    { name = "numpy", specifier = ">=2.2.2" },
    { name = "pyyaml", specifier = ">=6.0.2" },
    { name = "setuptools", specifier = ">=75.8.0" },
]

[[package]]
name = "cython"
version = "3.0.12"
source = { registry = "https://pypi.org/simple" }
sdist = { url = "https://files.pythonhosted.org/packages/5a/25/886e197c97a4b8e254173002cdc141441e878ff29aaa7d9ba560cd6e4866/cython-3.0.12.tar.gz", hash = "sha256:b988bb297ce76c671e28c97d017b95411010f7c77fa6623dd0bb47eed1aee1bc", size = 2757617 }
wheels = [
    { url = "https://files.pythonhosted.org/packages/67/ad/550ddcb8b5a5d9949fe6606595cce36984c1d42309f1e04af98f5933a7ea/Cython-3.0.12-cp313-cp313-macosx_10_13_x86_64.whl", hash = "sha256:4ee6f1ea1bead8e6cbc4e64571505b5d8dbdb3b58e679d31f3a84160cebf1a1a", size = 3393574 },
    { url = "https://files.pythonhosted.org/packages/34/de/ade0a80bea17197662e23d39d3d3fbf89e9e99e6ad91fd95ab87120edb3a/Cython-3.0.12-cp313-cp313-manylinux_2_17_aarch64.manylinux2014_aarch64.whl", hash = "sha256:57aefa6d3341109e46ec1a13e3a763aaa2cbeb14e82af2485b318194be1d9170", size = 3367198 },
    { url = "https://files.pythonhosted.org/packages/a8/30/7f48207ea13dab46604db0dd388e807d53513ba6ad1c34462892072f8f8c/Cython-3.0.12-cp313-cp313-manylinux_2_17_x86_64.manylinux2014_x86_64.whl", hash = "sha256:879ae9023958d63c0675015369384642d0afb9c9d1f3473df9186c42f7a9d265", size = 3535849 },
    { url = "https://files.pythonhosted.org/packages/81/ab/f61c79fa14bd433a7dfd1548c5e00d9bd18b557c2f836aaece4fb1b22f34/Cython-3.0.12-cp313-cp313-manylinux_2_5_i686.manylinux1_i686.manylinux_2_17_i686.manylinux2014_i686.whl", hash = "sha256:36fcd584dae547de6f095500a380f4a0cce72b7a7e409e9ff03cb9beed6ac7a1", size = 3559079 },
    { url = "https://files.pythonhosted.org/packages/d0/d1/1dbf17061229ccd35d5c0eed659fab60c2e50d2eadfa2a5729e753b6f4d0/Cython-3.0.12-cp313-cp313-musllinux_1_2_aarch64.whl", hash = "sha256:62b79dcc0de49efe9e84b9d0e2ae0a6fc9b14691a65565da727aa2e2e63c6a28", size = 3436649 },
    { url = "https://files.pythonhosted.org/packages/2d/d4/9ce42fff6de5550f870cdde9a1482d69ea66a1249a88fa0d0df9adebfb1a/Cython-3.0.12-cp313-cp313-musllinux_1_2_x86_64.whl", hash = "sha256:4aa255781b093a8401109d8f2104bbb2e52de7639d5896aefafddc85c30e0894", size = 3644025 },
    { url = "https://files.pythonhosted.org/packages/e3/89/b0c847f9df92af3ef11281b6811c000bd6f8ce0db02e4374397f8d67f829/Cython-3.0.12-cp313-cp313-win32.whl", hash = "sha256:77d48f2d4bab9fe1236eb753d18f03e8b2619af5b6f05d51df0532a92dfb38ab", size = 2604911 },
    { url = "https://files.pythonhosted.org/packages/a6/5f/bbfaf2b5f7bf78854ecbc82f8473a3892ae5580e0c5bd0d4a82580b39ed3/Cython-3.0.12-cp313-cp313-win_amd64.whl", hash = "sha256:86c304b20bd57c727c7357e90d5ba1a2b6f1c45492de2373814d7745ef2e63b4", size = 2786786 },
    { url = "https://files.pythonhosted.org/packages/27/6b/7c87867d255cbce8167ed99fc65635e9395d2af0f0c915428f5b17ec412d/Cython-3.0.12-py2.py3-none-any.whl", hash = "sha256:0038c9bae46c459669390e53a1ec115f8096b2e4647ae007ff1bf4e6dee92806", size = 1171640 },
]

[[package]]
name = "numpy"
version = "2.2.2"
source = { registry = "https://pypi.org/simple" }
sdist = { url = "https://files.pythonhosted.org/packages/ec/d0/c12ddfd3a02274be06ffc71f3efc6d0e457b0409c4481596881e748cb264/numpy-2.2.2.tar.gz", hash = "sha256:ed6906f61834d687738d25988ae117683705636936cc605be0bb208b23df4d8f", size = 20233295 }
wheels = [
    { url = "https://files.pythonhosted.org/packages/e1/fe/df5624001f4f5c3e0b78e9017bfab7fdc18a8d3b3d3161da3d64924dd659/numpy-2.2.2-cp313-cp313-macosx_10_13_x86_64.whl", hash = "sha256:b208cfd4f5fe34e1535c08983a1a6803fdbc7a1e86cf13dd0c61de0b51a0aadc", size = 20899188 },
    { url = "https://files.pythonhosted.org/packages/a9/80/d349c3b5ed66bd3cb0214be60c27e32b90a506946857b866838adbe84040/numpy-2.2.2-cp313-cp313-macosx_11_0_arm64.whl", hash = "sha256:d0bbe7dd86dca64854f4b6ce2ea5c60b51e36dfd597300057cf473d3615f2369", size = 14113972 },
    { url = "https://files.pythonhosted.org/packages/9d/50/949ec9cbb28c4b751edfa64503f0913cbfa8d795b4a251e7980f13a8a655/numpy-2.2.2-cp313-cp313-macosx_14_0_arm64.whl", hash = "sha256:22ea3bb552ade325530e72a0c557cdf2dea8914d3a5e1fecf58fa5dbcc6f43cd", size = 5114294 },
    { url = "https://files.pythonhosted.org/packages/8d/f3/399c15629d5a0c68ef2aa7621d430b2be22034f01dd7f3c65a9c9666c445/numpy-2.2.2-cp313-cp313-macosx_14_0_x86_64.whl", hash = "sha256:128c41c085cab8a85dc29e66ed88c05613dccf6bc28b3866cd16050a2f5448be", size = 6648426 },
    { url = "https://files.pythonhosted.org/packages/2c/03/c72474c13772e30e1bc2e558cdffd9123c7872b731263d5648b5c49dd459/numpy-2.2.2-cp313-cp313-manylinux_2_17_aarch64.manylinux2014_aarch64.whl", hash = "sha256:250c16b277e3b809ac20d1f590716597481061b514223c7badb7a0f9993c7f84", size = 14045990 },
    { url = "https://files.pythonhosted.org/packages/83/9c/96a9ab62274ffafb023f8ee08c88d3d31ee74ca58869f859db6845494fa6/numpy-2.2.2-cp313-cp313-manylinux_2_17_x86_64.manylinux2014_x86_64.whl", hash = "sha256:e0c8854b09bc4de7b041148d8550d3bd712b5c21ff6a8ed308085f190235d7ff", size = 16096614 },
    { url = "https://files.pythonhosted.org/packages/d5/34/cd0a735534c29bec7093544b3a509febc9b0df77718a9b41ffb0809c9f46/numpy-2.2.2-cp313-cp313-musllinux_1_2_aarch64.whl", hash = "sha256:b6fb9c32a91ec32a689ec6410def76443e3c750e7cfc3fb2206b985ffb2b85f0", size = 15242123 },
    { url = "https://files.pythonhosted.org/packages/5e/6d/541717a554a8f56fa75e91886d9b79ade2e595918690eb5d0d3dbd3accb9/numpy-2.2.2-cp313-cp313-musllinux_1_2_x86_64.whl", hash = "sha256:57b4012e04cc12b78590a334907e01b3a85efb2107df2b8733ff1ed05fce71de", size = 17859160 },
    { url = "https://files.pythonhosted.org/packages/b9/a5/fbf1f2b54adab31510728edd06a05c1b30839f37cf8c9747cb85831aaf1b/numpy-2.2.2-cp313-cp313-win32.whl", hash = "sha256:4dbd80e453bd34bd003b16bd802fac70ad76bd463f81f0c518d1245b1c55e3d9", size = 6273337 },
    { url = "https://files.pythonhosted.org/packages/56/e5/01106b9291ef1d680f82bc47d0c5b5e26dfed15b0754928e8f856c82c881/numpy-2.2.2-cp313-cp313-win_amd64.whl", hash = "sha256:5a8c863ceacae696aff37d1fd636121f1a512117652e5dfb86031c8d84836369", size = 12609010 },
    { url = "https://files.pythonhosted.org/packages/9f/30/f23d9876de0f08dceb707c4dcf7f8dd7588266745029debb12a3cdd40be6/numpy-2.2.2-cp313-cp313t-macosx_10_13_x86_64.whl", hash = "sha256:b3482cb7b3325faa5f6bc179649406058253d91ceda359c104dac0ad320e1391", size = 20924451 },
    { url = "https://files.pythonhosted.org/packages/6a/ec/6ea85b2da9d5dfa1dbb4cb3c76587fc8ddcae580cb1262303ab21c0926c4/numpy-2.2.2-cp313-cp313t-macosx_11_0_arm64.whl", hash = "sha256:9491100aba630910489c1d0158034e1c9a6546f0b1340f716d522dc103788e39", size = 14122390 },
    { url = "https://files.pythonhosted.org/packages/68/05/bfbdf490414a7dbaf65b10c78bc243f312c4553234b6d91c94eb7c4b53c2/numpy-2.2.2-cp313-cp313t-macosx_14_0_arm64.whl", hash = "sha256:41184c416143defa34cc8eb9d070b0a5ba4f13a0fa96a709e20584638254b317", size = 5156590 },
    { url = "https://files.pythonhosted.org/packages/f7/ec/fe2e91b2642b9d6544518388a441bcd65c904cea38d9ff998e2e8ebf808e/numpy-2.2.2-cp313-cp313t-macosx_14_0_x86_64.whl", hash = "sha256:7dca87ca328f5ea7dafc907c5ec100d187911f94825f8700caac0b3f4c384b49", size = 6671958 },
    { url = "https://files.pythonhosted.org/packages/b1/6f/6531a78e182f194d33ee17e59d67d03d0d5a1ce7f6be7343787828d1bd4a/numpy-2.2.2-cp313-cp313t-manylinux_2_17_aarch64.manylinux2014_aarch64.whl", hash = "sha256:0bc61b307655d1a7f9f4b043628b9f2b721e80839914ede634e3d485913e1fb2", size = 14019950 },
    { url = "https://files.pythonhosted.org/packages/e1/fb/13c58591d0b6294a08cc40fcc6b9552d239d773d520858ae27f39997f2ae/numpy-2.2.2-cp313-cp313t-manylinux_2_17_x86_64.manylinux2014_x86_64.whl", hash = "sha256:9fad446ad0bc886855ddf5909cbf8cb5d0faa637aaa6277fb4b19ade134ab3c7", size = 16079759 },
    { url = "https://files.pythonhosted.org/packages/2c/f2/f2f8edd62abb4b289f65a7f6d1f3650273af00b91b7267a2431be7f1aec6/numpy-2.2.2-cp313-cp313t-musllinux_1_2_aarch64.whl", hash = "sha256:149d1113ac15005652e8d0d3f6fd599360e1a708a4f98e43c9c77834a28238cb", size = 15226139 },
    { url = "https://files.pythonhosted.org/packages/aa/29/14a177f1a90b8ad8a592ca32124ac06af5eff32889874e53a308f850290f/numpy-2.2.2-cp313-cp313t-musllinux_1_2_x86_64.whl", hash = "sha256:106397dbbb1896f99e044efc90360d098b3335060375c26aa89c0d8a97c5f648", size = 17856316 },
    { url = "https://files.pythonhosted.org/packages/95/03/242ae8d7b97f4e0e4ab8dd51231465fb23ed5e802680d629149722e3faf1/numpy-2.2.2-cp313-cp313t-win32.whl", hash = "sha256:0eec19f8af947a61e968d5429f0bd92fec46d92b0008d0a6685b40d6adf8a4f4", size = 6329134 },
    { url = "https://files.pythonhosted.org/packages/80/94/cd9e9b04012c015cb6320ab3bf43bc615e248dddfeb163728e800a5d96f0/numpy-2.2.2-cp313-cp313t-win_amd64.whl", hash = "sha256:97b974d3ba0fb4612b77ed35d7627490e8e3dff56ab41454d9e8b23448940576", size = 12696208 },
]

[[package]]
name = "pyyaml"
version = "6.0.2"
source = { registry = "https://pypi.org/simple" }
sdist = { url = "https://files.pythonhosted.org/packages/54/ed/79a089b6be93607fa5cdaedf301d7dfb23af5f25c398d5ead2525b063e17/pyyaml-6.0.2.tar.gz", hash = "sha256:d584d9ec91ad65861cc08d42e834324ef890a082e591037abe114850ff7bbc3e", size = 130631 }
wheels = [
    { url = "https://files.pythonhosted.org/packages/ef/e3/3af305b830494fa85d95f6d95ef7fa73f2ee1cc8ef5b495c7c3269fb835f/PyYAML-6.0.2-cp313-cp313-macosx_10_13_x86_64.whl", hash = "sha256:efdca5630322a10774e8e98e1af481aad470dd62c3170801852d752aa7a783ba", size = 181309 },
    { url = "https://files.pythonhosted.org/packages/45/9f/3b1c20a0b7a3200524eb0076cc027a970d320bd3a6592873c85c92a08731/PyYAML-6.0.2-cp313-cp313-macosx_11_0_arm64.whl", hash = "sha256:50187695423ffe49e2deacb8cd10510bc361faac997de9efef88badc3bb9e2d1", size = 171679 },
    { url = "https://files.pythonhosted.org/packages/7c/9a/337322f27005c33bcb656c655fa78325b730324c78620e8328ae28b64d0c/PyYAML-6.0.2-cp313-cp313-manylinux_2_17_aarch64.manylinux2014_aarch64.whl", hash = "sha256:0ffe8360bab4910ef1b9e87fb812d8bc0a308b0d0eef8c8f44e0254ab3b07133", size = 733428 },
    { url = "https://files.pythonhosted.org/packages/a3/69/864fbe19e6c18ea3cc196cbe5d392175b4cf3d5d0ac1403ec3f2d237ebb5/PyYAML-6.0.2-cp313-cp313-manylinux_2_17_s390x.manylinux2014_s390x.whl", hash = "sha256:17e311b6c678207928d649faa7cb0d7b4c26a0ba73d41e99c4fff6b6c3276484", size = 763361 },
    { url = "https://files.pythonhosted.org/packages/04/24/b7721e4845c2f162d26f50521b825fb061bc0a5afcf9a386840f23ea19fa/PyYAML-6.0.2-cp313-cp313-manylinux_2_17_x86_64.manylinux2014_x86_64.whl", hash = "sha256:70b189594dbe54f75ab3a1acec5f1e3faa7e8cf2f1e08d9b561cb41b845f69d5", size = 759523 },
    { url = "https://files.pythonhosted.org/packages/2b/b2/e3234f59ba06559c6ff63c4e10baea10e5e7df868092bf9ab40e5b9c56b6/PyYAML-6.0.2-cp313-cp313-musllinux_1_1_aarch64.whl", hash = "sha256:41e4e3953a79407c794916fa277a82531dd93aad34e29c2a514c2c0c5fe971cc", size = 726660 },
    { url = "https://files.pythonhosted.org/packages/fe/0f/25911a9f080464c59fab9027482f822b86bf0608957a5fcc6eaac85aa515/PyYAML-6.0.2-cp313-cp313-musllinux_1_1_x86_64.whl", hash = "sha256:68ccc6023a3400877818152ad9a1033e3db8625d899c72eacb5a668902e4d652", size = 751597 },
    { url = "https://files.pythonhosted.org/packages/14/0d/e2c3b43bbce3cf6bd97c840b46088a3031085179e596d4929729d8d68270/PyYAML-6.0.2-cp313-cp313-win32.whl", hash = "sha256:bc2fa7c6b47d6bc618dd7fb02ef6fdedb1090ec036abab80d4681424b84c1183", size = 140527 },
    { url = "https://files.pythonhosted.org/packages/fa/de/02b54f42487e3d3c6efb3f89428677074ca7bf43aae402517bc7cca949f3/PyYAML-6.0.2-cp313-cp313-win_amd64.whl", hash = "sha256:8388ee1976c416731879ac16da0aff3f63b286ffdd57cdeb95f3f2e085687563", size = 156446 },
]

[[package]]
name = "setuptools"
version = "75.8.0"
source = { registry = "https://pypi.org/simple" }
sdist = { url = "https://files.pythonhosted.org/packages/92/ec/089608b791d210aec4e7f97488e67ab0d33add3efccb83a056cbafe3a2a6/setuptools-75.8.0.tar.gz", hash = "sha256:c5afc8f407c626b8313a86e10311dd3f661c6cd9c09d4bf8c15c0e11f9f2b0e6", size = 1343222 }
wheels = [
    { url = "https://files.pythonhosted.org/packages/69/8a/b9dc7678803429e4a3bc9ba462fa3dd9066824d3c607490235c6a796be5a/setuptools-75.8.0-py3-none-any.whl", hash = "sha256:e3982f444617239225d675215d51f6ba05f845d4eec313da4418fdbb56fb27e3", size = 1228782 },
]
